
Microsoft Visual Studio Solution File, Format Version 12.00
# Visual Studio Version 17
VisualStudioVersion = 17.8.34330.188
MinimumVisualStudioVersion = 10.0.40219.1
Project("{FAE04EC0-301F-11D3-BF4B-00C04F79EFBC}") = "EscanerSC500", "EscanerSC500.csproj", "{2DC7A2E4-844B-40EE-B732-E37E071A5F14}"
EndProject
Global
	GlobalSection(SolutionConfigurationPlatforms) = preSolution
		Debug|Any CPU = Debug|Any CPU
		Release|Any CPU = Release|Any CPU
	EndGlobalSection
	GlobalSection(ProjectConfigurationPlatforms) = postSolution
		{2DC7A2E4-844B-40EE-B732-E37E071A5F14}.Debug|Any CPU.ActiveCfg = Debug|Any CPU
		{2DC7A2E4-844B-40EE-B732-E37E071A5F14}.Debug|Any CPU.Build.0 = Debug|Any CPU
		{2DC7A2E4-844B-40EE-B732-E37E071A5F14}.Release|Any CPU.ActiveCfg = Release|Any CPU
		{2DC7A2E4-844B-40EE-B732-E37E071A5F14}.Release|Any CPU.Build.0 = Release|Any CPU
	EndGlobalSection
	GlobalSection(SolutionProperties) = preSolution
		HideSolutionNode = FALSE
	EndGlobalSection
	GlobalSection(ExtensibilityGlobals) = postSolution
		SolutionGuid = {78A559FE-5377-437F-A065-5F2115868D4B}
	EndGlobalSection
EndGlobal
